// !$*UTF8*$!
{
	archiveVersion = 1;
	classes = {
	};
	objectVersion = 46;
	objects = {

/* Begin PBXBuildFile section */
		3E53EED1C30B9605E14FCE23 /* libPods-ios-bijles.a in Frameworks */ = {isa = PBXBuildFile; fileRef = 471E1DAD829E75B97B6DEB2B /* libPods-ios-bijles.a */; };
		793C7C3A1B1DEC4C00EB756E /* AppDelegate.swift in Sources */ = {isa = PBXBuildFile; fileRef = 793C7C391B1DEC4C00EB756E /* AppDelegate.swift */; };
		793C7C3F1B1DEC4C00EB756E /* Main.storyboard in Resources */ = {isa = PBXBuildFile; fileRef = 793C7C3D1B1DEC4C00EB756E /* Main.storyboard */; };
		793C7C411B1DEC4C00EB756E /* Images.xcassets in Resources */ = {isa = PBXBuildFile; fileRef = 793C7C401B1DEC4C00EB756E /* Images.xcassets */; };
		793C7C441B1DEC4C00EB756E /* LaunchScreen.xib in Resources */ = {isa = PBXBuildFile; fileRef = 793C7C421B1DEC4C00EB756E /* LaunchScreen.xib */; };
		793C7C501B1DEC4C00EB756E /* ios_bijlesTests.swift in Sources */ = {isa = PBXBuildFile; fileRef = 793C7C4F1B1DEC4C00EB756E /* ios_bijlesTests.swift */; };
		793F56F61B2576D30063E67E /* ProfileViewController.swift in Sources */ = {isa = PBXBuildFile; fileRef = 793F56F51B2576D30063E67E /* ProfileViewController.swift */; };
		7954378B1B26F52200DABE88 /* LogoCustomCell.swift in Sources */ = {isa = PBXBuildFile; fileRef = 7954378A1B26F52200DABE88 /* LogoCustomCell.swift */; };
		7954379A1B26FB8B00DABE88 /* XLFormRatingCell.swift in Sources */ = {isa = PBXBuildFile; fileRef = 795437981B26FB8B00DABE88 /* XLFormRatingCell.swift */; };
		7954379B1B26FB8B00DABE88 /* XLFormRatingCell.xib in Resources */ = {isa = PBXBuildFile; fileRef = 795437991B26FB8B00DABE88 /* XLFormRatingCell.xib */; };
		796E65B01B1DF2E6008420AD /* SearchViewController.swift in Sources */ = {isa = PBXBuildFile; fileRef = 796E65AF1B1DF2E6008420AD /* SearchViewController.swift */; };
		79A03A241B208E370054C257 /* MapViewController.swift in Sources */ = {isa = PBXBuildFile; fileRef = 79A03A231B208E370054C257 /* MapViewController.swift */; };
		79A235331B24F1D700B223D3 /* ResultsViewController.swift in Sources */ = {isa = PBXBuildFile; fileRef = 79A235321B24F1D700B223D3 /* ResultsViewController.swift */; };
		79A235351B24F44800B223D3 /* face_example.jpg in Resources */ = {isa = PBXBuildFile; fileRef = 79A235341B24F44800B223D3 /* face_example.jpg */; };
		79A235391B24F56C00B223D3 /* ResultsTableViewCell.swift in Sources */ = {isa = PBXBuildFile; fileRef = 79A235381B24F56C00B223D3 /* ResultsTableViewCell.swift */; };
		79BF6E211B20B339008E17E0 /* GooglePlacesAutocomplete.swift in Sources */ = {isa = PBXBuildFile; fileRef = 79BF6E1F1B20B339008E17E0 /* GooglePlacesAutocomplete.swift */; };
		79BF6E221B20B339008E17E0 /* GooglePlacesAutocomplete.xib in Resources */ = {isa = PBXBuildFile; fileRef = 79BF6E201B20B339008E17E0 /* GooglePlacesAutocomplete.xib */; };
		79BF6E241B20B418008E17E0 /* ViewController.swift in Sources */ = {isa = PBXBuildFile; fileRef = 79BF6E231B20B418008E17E0 /* ViewController.swift */; };
		79DE33DA1B25BD7B005E1EE5 /* XLFormCustomCell.swift in Sources */ = {isa = PBXBuildFile; fileRef = 79DE33D91B25BD7B005E1EE5 /* XLFormCustomCell.swift */; };
/* End PBXBuildFile section */

/* Begin PBXContainerItemProxy section */
		793C7C4A1B1DEC4C00EB756E /* PBXContainerItemProxy */ = {
			isa = PBXContainerItemProxy;
			containerPortal = 793C7C2C1B1DEC4C00EB756E /* Project object */;
			proxyType = 1;
			remoteGlobalIDString = 793C7C331B1DEC4C00EB756E;
			remoteInfo = "ios-bijles";
		};
/* End PBXContainerItemProxy section */

/* Begin PBXFileReference section */
		20414CBB2E07C678FF2B7823 /* Pods-ios-bijles.release.xcconfig */ = {isa = PBXFileReference; includeInIndex = 1; lastKnownFileType = text.xcconfig; name = "Pods-ios-bijles.release.xcconfig"; path = "Pods/Target Support Files/Pods-ios-bijles/Pods-ios-bijles.release.xcconfig"; sourceTree = "<group>"; };
		471E1DAD829E75B97B6DEB2B /* libPods-ios-bijles.a */ = {isa = PBXFileReference; explicitFileType = archive.ar; includeInIndex = 0; path = "libPods-ios-bijles.a"; sourceTree = BUILT_PRODUCTS_DIR; };
		793C7C341B1DEC4C00EB756E /* ios-bijles.app */ = {isa = PBXFileReference; explicitFileType = wrapper.application; includeInIndex = 0; path = "ios-bijles.app"; sourceTree = BUILT_PRODUCTS_DIR; };
		793C7C381B1DEC4C00EB756E /* Info.plist */ = {isa = PBXFileReference; lastKnownFileType = text.plist.xml; path = Info.plist; sourceTree = "<group>"; };
		793C7C391B1DEC4C00EB756E /* AppDelegate.swift */ = {isa = PBXFileReference; lastKnownFileType = sourcecode.swift; path = AppDelegate.swift; sourceTree = "<group>"; };
		793C7C3E1B1DEC4C00EB756E /* Base */ = {isa = PBXFileReference; lastKnownFileType = file.storyboard; name = Base; path = Base.lproj/Main.storyboard; sourceTree = "<group>"; };
		793C7C401B1DEC4C00EB756E /* Images.xcassets */ = {isa = PBXFileReference; lastKnownFileType = folder.assetcatalog; path = Images.xcassets; sourceTree = "<group>"; };
		793C7C431B1DEC4C00EB756E /* Base */ = {isa = PBXFileReference; lastKnownFileType = file.xib; name = Base; path = Base.lproj/LaunchScreen.xib; sourceTree = "<group>"; };
		793C7C491B1DEC4C00EB756E /* ios-bijlesTests.xctest */ = {isa = PBXFileReference; explicitFileType = wrapper.cfbundle; includeInIndex = 0; path = "ios-bijlesTests.xctest"; sourceTree = BUILT_PRODUCTS_DIR; };
		793C7C4E1B1DEC4C00EB756E /* Info.plist */ = {isa = PBXFileReference; lastKnownFileType = text.plist.xml; path = Info.plist; sourceTree = "<group>"; };
		793C7C4F1B1DEC4C00EB756E /* ios_bijlesTests.swift */ = {isa = PBXFileReference; lastKnownFileType = sourcecode.swift; path = ios_bijlesTests.swift; sourceTree = "<group>"; };
		793F56F51B2576D30063E67E /* ProfileViewController.swift */ = {isa = PBXFileReference; fileEncoding = 4; lastKnownFileType = sourcecode.swift; path = ProfileViewController.swift; sourceTree = "<group>"; };
		7954378A1B26F52200DABE88 /* LogoCustomCell.swift */ = {isa = PBXFileReference; fileEncoding = 4; lastKnownFileType = sourcecode.swift; path = LogoCustomCell.swift; sourceTree = "<group>"; };
		795437981B26FB8B00DABE88 /* XLFormRatingCell.swift */ = {isa = PBXFileReference; fileEncoding = 4; lastKnownFileType = sourcecode.swift; path = XLFormRatingCell.swift; sourceTree = "<group>"; };
		795437991B26FB8B00DABE88 /* XLFormRatingCell.xib */ = {isa = PBXFileReference; fileEncoding = 4; lastKnownFileType = file.xib; path = XLFormRatingCell.xib; sourceTree = "<group>"; };
		796E65AB1B1DEE7D008420AD /* ios-bijles-Bridging-Header.h */ = {isa = PBXFileReference; lastKnownFileType = sourcecode.c.h; path = "ios-bijles-Bridging-Header.h"; sourceTree = "<group>"; };
		796E65AF1B1DF2E6008420AD /* SearchViewController.swift */ = {isa = PBXFileReference; fileEncoding = 4; lastKnownFileType = sourcecode.swift; path = SearchViewController.swift; sourceTree = "<group>"; };
		79A03A231B208E370054C257 /* MapViewController.swift */ = {isa = PBXFileReference; fileEncoding = 4; lastKnownFileType = sourcecode.swift; path = MapViewController.swift; sourceTree = "<group>"; };
		79A235321B24F1D700B223D3 /* ResultsViewController.swift */ = {isa = PBXFileReference; fileEncoding = 4; lastKnownFileType = sourcecode.swift; path = ResultsViewController.swift; sourceTree = "<group>"; };
		79A235341B24F44800B223D3 /* face_example.jpg */ = {isa = PBXFileReference; lastKnownFileType = image.jpeg; path = face_example.jpg; sourceTree = "<group>"; };
		79A235381B24F56C00B223D3 /* ResultsTableViewCell.swift */ = {isa = PBXFileReference; fileEncoding = 4; lastKnownFileType = sourcecode.swift; path = ResultsTableViewCell.swift; sourceTree = "<group>"; };
		79BF6E1E1B20B339008E17E0 /* GooglePlacesAutocomplete.h */ = {isa = PBXFileReference; fileEncoding = 4; lastKnownFileType = sourcecode.c.h; path = GooglePlacesAutocomplete.h; sourceTree = "<group>"; };
		79BF6E1F1B20B339008E17E0 /* GooglePlacesAutocomplete.swift */ = {isa = PBXFileReference; fileEncoding = 4; lastKnownFileType = sourcecode.swift; path = GooglePlacesAutocomplete.swift; sourceTree = "<group>"; };
		79BF6E201B20B339008E17E0 /* GooglePlacesAutocomplete.xib */ = {isa = PBXFileReference; fileEncoding = 4; lastKnownFileType = file.xib; path = GooglePlacesAutocomplete.xib; sourceTree = "<group>"; };
		79BF6E231B20B418008E17E0 /* ViewController.swift */ = {isa = PBXFileReference; fileEncoding = 4; lastKnownFileType = sourcecode.swift; path = ViewController.swift; sourceTree = "<group>"; };
		79DE33D91B25BD7B005E1EE5 /* XLFormCustomCell.swift */ = {isa = PBXFileReference; fileEncoding = 4; lastKnownFileType = sourcecode.swift; path = XLFormCustomCell.swift; sourceTree = "<group>"; };
		C8158E10947D526056EB7002 /* Pods-ios-bijles.debug.xcconfig */ = {isa = PBXFileReference; includeInIndex = 1; lastKnownFileType = text.xcconfig; name = "Pods-ios-bijles.debug.xcconfig"; path = "Pods/Target Support Files/Pods-ios-bijles/Pods-ios-bijles.debug.xcconfig"; sourceTree = "<group>"; };
/* End PBXFileReference section */

/* Begin PBXFrameworksBuildPhase section */
		793C7C311B1DEC4C00EB756E /* Frameworks */ = {
			isa = PBXFrameworksBuildPhase;
			buildActionMask = 2147483647;
			files = (
				3E53EED1C30B9605E14FCE23 /* libPods-ios-bijles.a in Frameworks */,
			);
			runOnlyForDeploymentPostprocessing = 0;
		};
		793C7C461B1DEC4C00EB756E /* Frameworks */ = {
			isa = PBXFrameworksBuildPhase;
			buildActionMask = 2147483647;
			files = (
			);
			runOnlyForDeploymentPostprocessing = 0;
		};
/* End PBXFrameworksBuildPhase section */

/* Begin PBXGroup section */
		793C7C2B1B1DEC4C00EB756E = {
			isa = PBXGroup;
			children = (
				793C7C361B1DEC4C00EB756E /* ios-bijles */,
				793C7C4C1B1DEC4C00EB756E /* ios-bijlesTests */,
				793C7C351B1DEC4C00EB756E /* Products */,
				824A1384F612BDB02E518490 /* Pods */,
				C1E4178E1092EA9EF76CB0E9 /* Frameworks */,
			);
			sourceTree = "<group>";
		};
		793C7C351B1DEC4C00EB756E /* Products */ = {
			isa = PBXGroup;
			children = (
				793C7C341B1DEC4C00EB756E /* ios-bijles.app */,
				793C7C491B1DEC4C00EB756E /* ios-bijlesTests.xctest */,
			);
			name = Products;
			sourceTree = "<group>";
		};
		793C7C361B1DEC4C00EB756E /* ios-bijles */ = {
			isa = PBXGroup;
			children = (
				79A235371B24F4C500B223D3 /* Search */,
				79A235361B24F4BC00B223D3 /* Results */,
				793F56F41B2576BA0063E67E /* Profile */,
				793C7C391B1DEC4C00EB756E /* AppDelegate.swift */,
				79BF6E231B20B418008E17E0 /* ViewController.swift */,
				793C7C3D1B1DEC4C00EB756E /* Main.storyboard */,
				793C7C401B1DEC4C00EB756E /* Images.xcassets */,
				793C7C421B1DEC4C00EB756E /* LaunchScreen.xib */,
				793C7C371B1DEC4C00EB756E /* Supporting Files */,
			);
			path = "ios-bijles";
			sourceTree = "<group>";
		};
		793C7C371B1DEC4C00EB756E /* Supporting Files */ = {
			isa = PBXGroup;
			children = (
				796E65AB1B1DEE7D008420AD /* ios-bijles-Bridging-Header.h */,
				793C7C381B1DEC4C00EB756E /* Info.plist */,
			);
			name = "Supporting Files";
			sourceTree = "<group>";
		};
		793C7C4C1B1DEC4C00EB756E /* ios-bijlesTests */ = {
			isa = PBXGroup;
			children = (
				793C7C4F1B1DEC4C00EB756E /* ios_bijlesTests.swift */,
				793C7C4D1B1DEC4C00EB756E /* Supporting Files */,
			);
			path = "ios-bijlesTests";
			sourceTree = "<group>";
		};
		793C7C4D1B1DEC4C00EB756E /* Supporting Files */ = {
			isa = PBXGroup;
			children = (
				793C7C4E1B1DEC4C00EB756E /* Info.plist */,
			);
			name = "Supporting Files";
			sourceTree = "<group>";
		};
		793F56F41B2576BA0063E67E /* Profile */ = {
			isa = PBXGroup;
			children = (
				793F56F51B2576D30063E67E /* ProfileViewController.swift */,
			);
			name = Profile;
			sourceTree = "<group>";
		};
		79A235361B24F4BC00B223D3 /* Results */ = {
			isa = PBXGroup;
			children = (
				79A235341B24F44800B223D3 /* face_example.jpg */,
				79A235321B24F1D700B223D3 /* ResultsViewController.swift */,
				79A235381B24F56C00B223D3 /* ResultsTableViewCell.swift */,
			);
			name = Results;
			sourceTree = "<group>";
		};
		79A235371B24F4C500B223D3 /* Search */ = {
			isa = PBXGroup;
			children = (
				79DE33D91B25BD7B005E1EE5 /* XLFormCustomCell.swift */,
				796E65AF1B1DF2E6008420AD /* SearchViewController.swift */,
				79A03A231B208E370054C257 /* MapViewController.swift */,
				795437981B26FB8B00DABE88 /* XLFormRatingCell.swift */,
				795437991B26FB8B00DABE88 /* XLFormRatingCell.xib */,
				79BF6E1E1B20B339008E17E0 /* GooglePlacesAutocomplete.h */,
				79BF6E1F1B20B339008E17E0 /* GooglePlacesAutocomplete.swift */,
				79BF6E201B20B339008E17E0 /* GooglePlacesAutocomplete.xib */,
				7954378A1B26F52200DABE88 /* LogoCustomCell.swift */,
			);
			name = Search;
			sourceTree = "<group>";
		};
		824A1384F612BDB02E518490 /* Pods */ = {
			isa = PBXGroup;
			children = (
				C8158E10947D526056EB7002 /* Pods-ios-bijles.debug.xcconfig */,
				20414CBB2E07C678FF2B7823 /* Pods-ios-bijles.release.xcconfig */,
			);
			name = Pods;
			sourceTree = "<group>";
		};
		C1E4178E1092EA9EF76CB0E9 /* Frameworks */ = {
			isa = PBXGroup;
			children = (
				471E1DAD829E75B97B6DEB2B /* libPods-ios-bijles.a */,
			);
			name = Frameworks;
			sourceTree = "<group>";
		};
/* End PBXGroup section */

/* Begin PBXNativeTarget section */
		793C7C331B1DEC4C00EB756E /* ios-bijles */ = {
			isa = PBXNativeTarget;
			buildConfigurationList = 793C7C531B1DEC4C00EB756E /* Build configuration list for PBXNativeTarget "ios-bijles" */;
			buildPhases = (
				E36E044D19F7764A34C859D6 /* Check Pods Manifest.lock */,
				793C7C301B1DEC4C00EB756E /* Sources */,
				793C7C311B1DEC4C00EB756E /* Frameworks */,
				793C7C321B1DEC4C00EB756E /* Resources */,
				641AD0EC8EEB79146A89BD2C /* Copy Pods Resources */,
			);
			buildRules = (
			);
			dependencies = (
			);
			name = "ios-bijles";
			productName = "ios-bijles";
			productReference = 793C7C341B1DEC4C00EB756E /* ios-bijles.app */;
			productType = "com.apple.product-type.application";
		};
		793C7C481B1DEC4C00EB756E /* ios-bijlesTests */ = {
			isa = PBXNativeTarget;
			buildConfigurationList = 793C7C561B1DEC4C00EB756E /* Build configuration list for PBXNativeTarget "ios-bijlesTests" */;
			buildPhases = (
				793C7C451B1DEC4C00EB756E /* Sources */,
				793C7C461B1DEC4C00EB756E /* Frameworks */,
				793C7C471B1DEC4C00EB756E /* Resources */,
			);
			buildRules = (
			);
			dependencies = (
				793C7C4B1B1DEC4C00EB756E /* PBXTargetDependency */,
			);
			name = "ios-bijlesTests";
			productName = "ios-bijlesTests";
			productReference = 793C7C491B1DEC4C00EB756E /* ios-bijlesTests.xctest */;
			productType = "com.apple.product-type.bundle.unit-test";
		};
/* End PBXNativeTarget section */

/* Begin PBXProject section */
		793C7C2C1B1DEC4C00EB756E /* Project object */ = {
			isa = PBXProject;
			attributes = {
				LastUpgradeCheck = 0630;
				ORGANIZATIONNAME = Suftwear;
				TargetAttributes = {
					793C7C331B1DEC4C00EB756E = {
						CreatedOnToolsVersion = 6.3.2;
					};
					793C7C481B1DEC4C00EB756E = {
						CreatedOnToolsVersion = 6.3.2;
						TestTargetID = 793C7C331B1DEC4C00EB756E;
					};
				};
			};
			buildConfigurationList = 793C7C2F1B1DEC4C00EB756E /* Build configuration list for PBXProject "ios-bijles" */;
			compatibilityVersion = "Xcode 3.2";
			developmentRegion = English;
			hasScannedForEncodings = 0;
			knownRegions = (
				en,
				Base,
			);
			mainGroup = 793C7C2B1B1DEC4C00EB756E;
			productRefGroup = 793C7C351B1DEC4C00EB756E /* Products */;
			projectDirPath = "";
			projectRoot = "";
			targets = (
				793C7C331B1DEC4C00EB756E /* ios-bijles */,
				793C7C481B1DEC4C00EB756E /* ios-bijlesTests */,
			);
		};
/* End PBXProject section */

/* Begin PBXResourcesBuildPhase section */
		793C7C321B1DEC4C00EB756E /* Resources */ = {
			isa = PBXResourcesBuildPhase;
			buildActionMask = 2147483647;
			files = (
				79BF6E221B20B339008E17E0 /* GooglePlacesAutocomplete.xib in Resources */,
				793C7C3F1B1DEC4C00EB756E /* Main.storyboard in Resources */,
				793C7C441B1DEC4C00EB756E /* LaunchScreen.xib in Resources */,
				79A235351B24F44800B223D3 /* face_example.jpg in Resources */,
				7954379B1B26FB8B00DABE88 /* XLFormRatingCell.xib in Resources */,
				793C7C411B1DEC4C00EB756E /* Images.xcassets in Resources */,
			);
			runOnlyForDeploymentPostprocessing = 0;
		};
		793C7C471B1DEC4C00EB756E /* Resources */ = {
			isa = PBXResourcesBuildPhase;
			buildActionMask = 2147483647;
			files = (
			);
			runOnlyForDeploymentPostprocessing = 0;
		};
/* End PBXResourcesBuildPhase section */

/* Begin PBXShellScriptBuildPhase section */
		641AD0EC8EEB79146A89BD2C /* Copy Pods Resources */ = {
			isa = PBXShellScriptBuildPhase;
			buildActionMask = 2147483647;
			files = (
			);
			inputPaths = (
			);
			name = "Copy Pods Resources";
			outputPaths = (
			);
			runOnlyForDeploymentPostprocessing = 0;
			shellPath = /bin/sh;
			shellScript = "\"${SRCROOT}/Pods/Target Support Files/Pods-ios-bijles/Pods-ios-bijles-resources.sh\"\n";
			showEnvVarsInLog = 0;
		};
		E36E044D19F7764A34C859D6 /* Check Pods Manifest.lock */ = {
			isa = PBXShellScriptBuildPhase;
			buildActionMask = 2147483647;
			files = (
			);
			inputPaths = (
			);
			name = "Check Pods Manifest.lock";
			outputPaths = (
			);
			runOnlyForDeploymentPostprocessing = 0;
			shellPath = /bin/sh;
			shellScript = "diff \"${PODS_ROOT}/../Podfile.lock\" \"${PODS_ROOT}/Manifest.lock\" > /dev/null\nif [[ $? != 0 ]] ; then\n    cat << EOM\nerror: The sandbox is not in sync with the Podfile.lock. Run 'pod install' or update your CocoaPods installation.\nEOM\n    exit 1\nfi\n";
			showEnvVarsInLog = 0;
		};
/* End PBXShellScriptBuildPhase section */

/* Begin PBXSourcesBuildPhase section */
		793C7C301B1DEC4C00EB756E /* Sources */ = {
			isa = PBXSourcesBuildPhase;
			buildActionMask = 2147483647;
			files = (
				79BF6E211B20B339008E17E0 /* GooglePlacesAutocomplete.swift in Sources */,
				7954378B1B26F52200DABE88 /* LogoCustomCell.swift in Sources */,
				796E65B01B1DF2E6008420AD /* SearchViewController.swift in Sources */,
				79A235391B24F56C00B223D3 /* ResultsTableViewCell.swift in Sources */,
				7954379A1B26FB8B00DABE88 /* XLFormRatingCell.swift in Sources */,
				79DE33DA1B25BD7B005E1EE5 /* XLFormCustomCell.swift in Sources */,
				79A03A241B208E370054C257 /* MapViewController.swift in Sources */,
				79BF6E241B20B418008E17E0 /* ViewController.swift in Sources */,
				793C7C3A1B1DEC4C00EB756E /* AppDelegate.swift in Sources */,
				793F56F61B2576D30063E67E /* ProfileViewController.swift in Sources */,
				79A235331B24F1D700B223D3 /* ResultsViewController.swift in Sources */,
			);
			runOnlyForDeploymentPostprocessing = 0;
		};
		793C7C451B1DEC4C00EB756E /* Sources */ = {
			isa = PBXSourcesBuildPhase;
			buildActionMask = 2147483647;
			files = (
				793C7C501B1DEC4C00EB756E /* ios_bijlesTests.swift in Sources */,
			);
			runOnlyForDeploymentPostprocessing = 0;
		};
/* End PBXSourcesBuildPhase section */

/* Begin PBXTargetDependency section */
		793C7C4B1B1DEC4C00EB756E /* PBXTargetDependency */ = {
			isa = PBXTargetDependency;
			target = 793C7C331B1DEC4C00EB756E /* ios-bijles */;
			targetProxy = 793C7C4A1B1DEC4C00EB756E /* PBXContainerItemProxy */;
		};
/* End PBXTargetDependency section */

/* Begin PBXVariantGroup section */
		793C7C3D1B1DEC4C00EB756E /* Main.storyboard */ = {
			isa = PBXVariantGroup;
			children = (
				793C7C3E1B1DEC4C00EB756E /* Base */,
			);
			name = Main.storyboard;
			sourceTree = "<group>";
		};
		793C7C421B1DEC4C00EB756E /* LaunchScreen.xib */ = {
			isa = PBXVariantGroup;
			children = (
				793C7C431B1DEC4C00EB756E /* Base */,
			);
			name = LaunchScreen.xib;
			sourceTree = "<group>";
		};
/* End PBXVariantGroup section */

/* Begin XCBuildConfiguration section */
		793C7C511B1DEC4C00EB756E /* Debug */ = {
			isa = XCBuildConfiguration;
			buildSettings = {
				ALWAYS_SEARCH_USER_PATHS = NO;
				CLANG_CXX_LANGUAGE_STANDARD = "gnu++0x";
				CLANG_CXX_LIBRARY = "libc++";
				CLANG_ENABLE_MODULES = YES;
				CLANG_ENABLE_OBJC_ARC = YES;
				CLANG_WARN_BOOL_CONVERSION = YES;
				CLANG_WARN_CONSTANT_CONVERSION = YES;
				CLANG_WARN_DIRECT_OBJC_ISA_USAGE = YES_ERROR;
				CLANG_WARN_EMPTY_BODY = YES;
				CLANG_WARN_ENUM_CONVERSION = YES;
				CLANG_WARN_INT_CONVERSION = YES;
				CLANG_WARN_OBJC_ROOT_CLASS = YES_ERROR;
				CLANG_WARN_UNREACHABLE_CODE = YES;
				CLANG_WARN__DUPLICATE_METHOD_MATCH = YES;
				"CODE_SIGN_IDENTITY[sdk=iphoneos*]" = "iPhone Developer";
				COPY_PHASE_STRIP = NO;
				DEBUG_INFORMATION_FORMAT = "dwarf-with-dsym";
				ENABLE_STRICT_OBJC_MSGSEND = YES;
				GCC_C_LANGUAGE_STANDARD = gnu99;
				GCC_DYNAMIC_NO_PIC = NO;
				GCC_NO_COMMON_BLOCKS = YES;
				GCC_OPTIMIZATION_LEVEL = 0;
				GCC_PREPROCESSOR_DEFINITIONS = (
					"DEBUG=1",
					"$(inherited)",
				);
				GCC_SYMBOLS_PRIVATE_EXTERN = NO;
				GCC_WARN_64_TO_32_BIT_CONVERSION = YES;
				GCC_WARN_ABOUT_RETURN_TYPE = YES_ERROR;
				GCC_WARN_UNDECLARED_SELECTOR = YES;
				GCC_WARN_UNINITIALIZED_AUTOS = YES_AGGRESSIVE;
				GCC_WARN_UNUSED_FUNCTION = YES;
				GCC_WARN_UNUSED_VARIABLE = YES;
				IPHONEOS_DEPLOYMENT_TARGET = 8.3;
				MTL_ENABLE_DEBUG_INFO = YES;
				ONLY_ACTIVE_ARCH = YES;
				SDKROOT = iphoneos;
				SWIFT_OPTIMIZATION_LEVEL = "-Onone";
			};
			name = Debug;
		};
		793C7C521B1DEC4C00EB756E /* Release */ = {
			isa = XCBuildConfiguration;
			buildSettings = {
				ALWAYS_SEARCH_USER_PATHS = NO;
				CLANG_CXX_LANGUAGE_STANDARD = "gnu++0x";
				CLANG_CXX_LIBRARY = "libc++";
				CLANG_ENABLE_MODULES = YES;
				CLANG_ENABLE_OBJC_ARC = YES;
				CLANG_WARN_BOOL_CONVERSION = YES;
				CLANG_WARN_CONSTANT_CONVERSION = YES;
				CLANG_WARN_DIRECT_OBJC_ISA_USAGE = YES_ERROR;
				CLANG_WARN_EMPTY_BODY = YES;
				CLANG_WARN_ENUM_CONVERSION = YES;
				CLANG_WARN_INT_CONVERSION = YES;
				CLANG_WARN_OBJC_ROOT_CLASS = YES_ERROR;
				CLANG_WARN_UNREACHABLE_CODE = YES;
				CLANG_WARN__DUPLICATE_METHOD_MATCH = YES;
				"CODE_SIGN_IDENTITY[sdk=iphoneos*]" = "iPhone Developer";
				COPY_PHASE_STRIP = NO;
				DEBUG_INFORMATION_FORMAT = "dwarf-with-dsym";
				ENABLE_NS_ASSERTIONS = NO;
				ENABLE_STRICT_OBJC_MSGSEND = YES;
				GCC_C_LANGUAGE_STANDARD = gnu99;
				GCC_NO_COMMON_BLOCKS = YES;
				GCC_WARN_64_TO_32_BIT_CONVERSION = YES;
				GCC_WARN_ABOUT_RETURN_TYPE = YES_ERROR;
				GCC_WARN_UNDECLARED_SELECTOR = YES;
				GCC_WARN_UNINITIALIZED_AUTOS = YES_AGGRESSIVE;
				GCC_WARN_UNUSED_FUNCTION = YES;
				GCC_WARN_UNUSED_VARIABLE = YES;
				IPHONEOS_DEPLOYMENT_TARGET = 8.3;
				MTL_ENABLE_DEBUG_INFO = NO;
				SDKROOT = iphoneos;
				VALIDATE_PRODUCT = YES;
			};
			name = Release;
		};
		793C7C541B1DEC4C00EB756E /* Debug */ = {
			isa = XCBuildConfiguration;
			baseConfigurationReference = C8158E10947D526056EB7002 /* Pods-ios-bijles.debug.xcconfig */;
			buildSettings = {
				ASSETCATALOG_COMPILER_APPICON_NAME = AppIcon;
				CLANG_ENABLE_MODULES = YES;
				INFOPLIST_FILE = "ios-bijles/Info.plist";
				IPHONEOS_DEPLOYMENT_TARGET = 8.1;
				LD_RUNPATH_SEARCH_PATHS = "$(inherited) @executable_path/Frameworks";
				PRODUCT_NAME = "$(TARGET_NAME)";
				SWIFT_OBJC_BRIDGING_HEADER = "ios-bijles/ios-bijles-Bridging-Header.h";
				SWIFT_OPTIMIZATION_LEVEL = "-Onone";
			};
			name = Debug;
		};
		793C7C551B1DEC4C00EB756E /* Release */ = {
			isa = XCBuildConfiguration;
			baseConfigurationReference = 20414CBB2E07C678FF2B7823 /* Pods-ios-bijles.release.xcconfig */;
			buildSettings = {
				ASSETCATALOG_COMPILER_APPICON_NAME = AppIcon;
				CLANG_ENABLE_MODULES = YES;
				INFOPLIST_FILE = "ios-bijles/Info.plist";
				IPHONEOS_DEPLOYMENT_TARGET = 8.1;
				LD_RUNPATH_SEARCH_PATHS = "$(inherited) @executable_path/Frameworks";
				PRODUCT_NAME = "$(TARGET_NAME)";
				SWIFT_OBJC_BRIDGING_HEADER = "ios-bijles/ios-bijles-Bridging-Header.h";
			};
			name = Release;
		};
		793C7C571B1DEC4C00EB756E /* Debug */ = {
			isa = XCBuildConfiguration;
			buildSettings = {
				BUNDLE_LOADER = "$(TEST_HOST)";
				FRAMEWORK_SEARCH_PATHS = (
					"$(SDKROOT)/Developer/Library/Frameworks",
					"$(inherited)",
				);
				GCC_PREPROCESSOR_DEFINITIONS = (
					"DEBUG=1",
					"$(inherited)",
				);
				INFOPLIST_FILE = "ios-bijlesTests/Info.plist";
				LD_RUNPATH_SEARCH_PATHS = "$(inherited) @executable_path/Frameworks @loader_path/Frameworks";
				PRODUCT_NAME = "$(TARGET_NAME)";
				TEST_HOST = "$(BUILT_PRODUCTS_DIR)/ios-bijles.app/ios-bijles";
			};
			name = Debug;
		};
		793C7C581B1DEC4C00EB756E /* Release */ = {
			isa = XCBuildConfiguration;
			buildSettings = {
				BUNDLE_LOADER = "$(TEST_HOST)";
				FRAMEWORK_SEARCH_PATHS = (
					"$(SDKROOT)/Developer/Library/Frameworks",
					"$(inherited)",
				);
				INFOPLIST_FILE = "ios-bijlesTests/Info.plist";
				LD_RUNPATH_SEARCH_PATHS = "$(inherited) @executable_path/Frameworks @loader_path/Frameworks";
				PRODUCT_NAME = "$(TARGET_NAME)";
				TEST_HOST = "$(BUILT_PRODUCTS_DIR)/ios-bijles.app/ios-bijles";
			};
			name = Release;
		};
/* End XCBuildConfiguration section */

/* Begin XCConfigurationList section */
		793C7C2F1B1DEC4C00EB756E /* Build configuration list for PBXProject "ios-bijles" */ = {
			isa = XCConfigurationList;
			buildConfigurations = (
				793C7C511B1DEC4C00EB756E /* Debug */,
				793C7C521B1DEC4C00EB756E /* Release */,
			);
			defaultConfigurationIsVisible = 0;
			defaultConfigurationName = Release;
		};
		793C7C531B1DEC4C00EB756E /* Build configuration list for PBXNativeTarget "ios-bijles" */ = {
			isa = XCConfigurationList;
			buildConfigurations = (
				793C7C541B1DEC4C00EB756E /* Debug */,
				793C7C551B1DEC4C00EB756E /* Release */,
			);
			defaultConfigurationIsVisible = 0;
			defaultConfigurationName = Release;
		};
		793C7C561B1DEC4C00EB756E /* Build configuration list for PBXNativeTarget "ios-bijlesTests" */ = {
			isa = XCConfigurationList;
			buildConfigurations = (
				793C7C571B1DEC4C00EB756E /* Debug */,
				793C7C581B1DEC4C00EB756E /* Release */,
			);
			defaultConfigurationIsVisible = 0;
			defaultConfigurationName = Release;
		};
/* End XCConfigurationList section */
	};
	rootObject = 793C7C2C1B1DEC4C00EB756E /* Project object */;
}
